
Microsoft Visual Studio Solution File, Format Version 12.00
# Visual Studio Version 17
VisualStudioVersion = 17.1.32328.378
MinimumVisualStudioVersion = 10.0.40219.1
Project("{9A19103F-16F7-4668-BE54-9A1E7A4F7556}") = "Models", "..\Models\Models.csproj", "{50B058B5-B6C2-4D7F-957C-6E483AA711D3}"
EndProject
Project("{9A19103F-16F7-4668-BE54-9A1E7A4F7556}") = "DriveAnalyzer", "..\DriveAnalyzer\DriveAnalyzer.csproj", "{D1A523C8-3716-4EF1-8402-1F9616A39B9A}"
EndProject
Project("{FAE04EC0-301F-11D3-BF4B-00C04F79EFBC}") = "TenthProject", "..\TenthProjject\TenthProject.csproj", "{EDE2D97C-66AB-401C-94D9-3D53D087F5BD}"
EndProject
Global
	GlobalSection(SolutionConfigurationPlatforms) = preSolution
		Debug|Any CPU = Debug|Any CPU
		Release|Any CPU = Release|Any CPU
	EndGlobalSection
	GlobalSection(ProjectConfigurationPlatforms) = postSolution
		{50B058B5-B6C2-4D7F-957C-6E483AA711D3}.Debug|Any CPU.ActiveCfg = Debug|Any CPU
		{50B058B5-B6C2-4D7F-957C-6E483AA711D3}.Debug|Any CPU.Build.0 = Debug|Any CPU
		{50B058B5-B6C2-4D7F-957C-6E483AA711D3}.Release|Any CPU.ActiveCfg = Release|Any CPU
		{50B058B5-B6C2-4D7F-957C-6E483AA711D3}.Release|Any CPU.Build.0 = Release|Any CPU
		{D1A523C8-3716-4EF1-8402-1F9616A39B9A}.Debug|Any CPU.ActiveCfg = Debug|Any CPU
		{D1A523C8-3716-4EF1-8402-1F9616A39B9A}.Debug|Any CPU.Build.0 = Debug|Any CPU
		{D1A523C8-3716-4EF1-8402-1F9616A39B9A}.Release|Any CPU.ActiveCfg = Release|Any CPU
		{D1A523C8-3716-4EF1-8402-1F9616A39B9A}.Release|Any CPU.Build.0 = Release|Any CPU
		{EDE2D97C-66AB-401C-94D9-3D53D087F5BD}.Debug|Any CPU.ActiveCfg = Debug|Any CPU
		{EDE2D97C-66AB-401C-94D9-3D53D087F5BD}.Debug|Any CPU.Build.0 = Debug|Any CPU
		{EDE2D97C-66AB-401C-94D9-3D53D087F5BD}.Release|Any CPU.ActiveCfg = Release|Any CPU
		{EDE2D97C-66AB-401C-94D9-3D53D087F5BD}.Release|Any CPU.Build.0 = Release|Any CPU
	EndGlobalSection
	GlobalSection(SolutionProperties) = preSolution
		HideSolutionNode = FALSE
	EndGlobalSection
	GlobalSection(ExtensibilityGlobals) = postSolution
		SolutionGuid = {5335A289-0769-4DBF-B5A7-A7271A6390FA}
	EndGlobalSection
EndGlobal
